lockfileVersion: '6.0'

importers:

  .:
    dependencies:
      turbo:
        specifier: 1.9.9
        version: 1.9.9

  site:
    dependencies:
      next:
        specifier: canary
        version: 13.4.4-canary.8(react-dom@18.2.0)(react@18.2.0)
      react:
        specifier: 18.2.0
        version: 18.2.0
      react-dom:
        specifier: 18.2.0
        version: 18.2.0(react@18.2.0)

packages:

  /@next/env@13.4.4-canary.8:
    resolution: {integrity: sha512-2/IrSa4p0jGEIrFOBZzhVRryfnRvGU9cbNZmD4+0PAGmRYvMGUpsTxPTn93Wf4jUDnJMhdTcClQt35QR+479/A==}
    dev: false

  /@next/swc-darwin-arm64@13.4.4-canary.8:
    resolution: {integrity: sha512-M5JIOEc7xetkBr5ucX331I/AVSZtT9oAU5SUU2Ijq8wsYvdu+S/mBFTraTwGYzq5CWLjWYH6qdM9wZtTKc/oTw==}
    engines: {node: '>= 10'}
    cpu: [arm64]
    os: [darwin]
    requiresBuild: true
    dev: false
    optional: true

  /@next/swc-darwin-x64@13.4.4-canary.8:
    resolution: {integrity: sha512-zZO44T62+XawLJ82gwHlZh5hpH1sjvmEUbEZezO4yZb4pNbA18bvcRLxkOsLtNStsPKQC8NQWpQJNGaTQvjfwg==}
    engines: {node: '>= 10'}
    cpu: [x64]
    os: [darwin]
    requiresBuild: true
    dev: false
    optional: true

  /@next/swc-linux-arm64-gnu@13.4.4-canary.8:
    resolution: {integrity: sha512-PQLJotnzHbI95fYcO6M/rtBoxlYjfqy0A1LjCzbzgHBwInxEDpb4stnHVh0Pq5A2s0LdLZjPkX4lNLKZAm2IwA==}
    engines: {node: '>= 10'}
    cpu: [arm64]
    os: [linux]
    requiresBuild: true
    dev: false
    optional: true

  /@next/swc-linux-arm64-musl@13.4.4-canary.8:
    resolution: {integrity: sha512-GLf3Gr2ZTiFUKxqEjEVeMrXJOkAlsbZ/82/bkPRCg1aC/NMyoBdufw8iBnPwTVfo85VUUCFQhPx8Te46KyEyew==}
    engines: {node: '>= 10'}
    cpu: [arm64]
    os: [linux]
    requiresBuild: true
    dev: false
    optional: true

  /@next/swc-linux-x64-gnu@13.4.4-canary.8:
    resolution: {integrity: sha512-jXsbTkEFddd0amUTBMEueHg9lXAilx1JzuQSzL4+foht7iuAwbLaoF9mJmVVFFV82LQoGtSjjpyAMH572JQD5A==}
    engines: {node: '>= 10'}
    cpu: [x64]
    os: [linux]
    requiresBuild: true
    dev: false
    optional: true

  /@next/swc-linux-x64-musl@13.4.4-canary.8:
    resolution: {integrity: sha512-8Dw9U/drd/G2n8I05utVumOe+QcUOEQ1r+02sPj7EkpYwH1XXsgoVwHIiqUhmtMV/zkylamqtuOGoJJ4jiMEUQ==}
    engines: {node: '>= 10'}
    cpu: [x64]
    os: [linux]
    requiresBuild: true
    dev: false
    optional: true

  /@next/swc-win32-arm64-msvc@13.4.4-canary.8:
    resolution: {integrity: sha512-cXrwpCLvwpc6Es8K4Z5VpPsS1sApp+UIvqfOshj0fQ+nKmy1f7iLQWn+3y9fB16cKnNdErJXVY6GhYGiY8OXwQ==}
    engines: {node: '>= 10'}
    cpu: [arm64]
    os: [win32]
    requiresBuild: true
    dev: false
    optional: true

  /@next/swc-win32-ia32-msvc@13.4.4-canary.8:
    resolution: {integrity: sha512-Cs6SykS72cH7iuBF0F4J0VmdGgI8R++eUcbgWmzH7H8c4hWdYvKrtpA9HxpMYQAD/psY4el3ckDkYcNH5HkNNA==}
    engines: {node: '>= 10'}
    cpu: [ia32]
    os: [win32]
    requiresBuild: true
    dev: false
    optional: true

  /@next/swc-win32-x64-msvc@13.4.4-canary.8:
    resolution: {integrity: sha512-Tu0vGYJSDrwLYbb0E6XbMwZb4eivJsd3uLTqTFYNu+boCq8wAfP4mZy3swO0I2QDVNYTpT9tzr009p4JZWE/3Q==}
    engines: {node: '>= 10'}
    cpu: [x64]
    os: [win32]
    requiresBuild: true
    dev: false
    optional: true

  /@swc/helpers@0.5.1:
    resolution: {integrity: sha512-sJ902EfIzn1Fa+qYmjdQqh8tPsoxyBz+8yBKC2HKUxyezKJFwPGOn7pv4WY6QuQW//ySQi5lJjA/ZT9sNWWNTg==}
    dependencies:
      tslib: 2.5.2
    dev: false

  /busboy@1.6.0:
    resolution: {integrity: sha512-8SFQbg/0hQ9xy3UNTB0YEnsNBbWfhf7RtnzpL7TkBiTBRfrQ9Fxcnz7VJsleJpyp6rVLvXiuORqjlHi5q+PYuA==}
    engines: {node: '>=10.16.0'}
    dependencies:
      streamsearch: 1.1.0
    dev: false

  /caniuse-lite@1.0.30001489:
    resolution: {integrity: sha512-x1mgZEXK8jHIfAxm+xgdpHpk50IN3z3q3zP261/WS+uvePxW8izXuCu6AHz0lkuYTlATDehiZ/tNyYBdSQsOUQ==}
    dev: false

  /client-only@0.0.1:
    resolution: {integrity: sha512-IV3Ou0jSMzZrd3pZ48nLkT9DA7Ag1pnPzaiQhpW7c3RbcqqzvzzVu+L8gfqMp/8IM2MQtSiqaCxrrcfu8I8rMA==}
    dev: false

  /js-tokens@4.0.0:
    resolution: {integrity: sha512-RdJUflcE3cUzKiMqQgsCu06FPu9UdIJO0beYbPhHN4k6apgJtifcoCtT9bcxOpYBtpD2kCM6Sbzg4CausW/PKQ==}
    dev: false

  /loose-envify@1.4.0:
    resolution: {integrity: sha512-lyuxPGr/Wfhrlem2CL/UcnUc1zcqKAImBDzukY7Y5F/yQiNdko6+fRLevlw1HgMySw7f611UIY408EtxRSoK3Q==}
    hasBin: true
    dependencies:
      js-tokens: 4.0.0
    dev: false

  /nanoid@3.3.6:
    resolution: {integrity: sha512-BGcqMMJuToF7i1rt+2PWSNVnWIkGCU78jBG3RxO/bZlnZPK2Cmi2QaffxGO/2RvWi9sL+FAiRiXMgsyxQ1DIDA==}
    engines: {node: ^10 || ^12 || ^13.7 || ^14 || >=15.0.1}
    hasBin: true
    dev: false

  /next@13.4.4-canary.8(react-dom@18.2.0)(react@18.2.0):
    resolution: {integrity: sha512-v4IN38+lKfKCK6wejUpriLIUDgvkIKVp7k4+YI33SLM5hDzqf/h0GDgO4/Q3S6oTnUNA2WkMj/ft24a6FtrwlQ==}
    engines: {node: '>=16.8.0'}
    hasBin: true
    peerDependencies:
      '@opentelemetry/api': ^1.1.0
      fibers: '>= 3.1.0'
      react: ^18.2.0
      react-dom: ^18.2.0
      sass: ^1.3.0
    peerDependenciesMeta:
      '@opentelemetry/api':
        optional: true
      fibers:
        optional: true
      sass:
        optional: true
    dependencies:
      '@next/env': 13.4.4-canary.8
      '@swc/helpers': 0.5.1
      busboy: 1.6.0
      caniuse-lite: 1.0.30001489
      postcss: 8.4.14
      react: 18.2.0
      react-dom: 18.2.0(react@18.2.0)
      styled-jsx: 5.1.1(react@18.2.0)
      zod: 3.21.4
    optionalDependencies:
      '@next/swc-darwin-arm64': 13.4.4-canary.8
      '@next/swc-darwin-x64': 13.4.4-canary.8
      '@next/swc-linux-arm64-gnu': 13.4.4-canary.8
      '@next/swc-linux-arm64-musl': 13.4.4-canary.8
      '@next/swc-linux-x64-gnu': 13.4.4-canary.8
      '@next/swc-linux-x64-musl': 13.4.4-canary.8
      '@next/swc-win32-arm64-msvc': 13.4.4-canary.8
      '@next/swc-win32-ia32-msvc': 13.4.4-canary.8
      '@next/swc-win32-x64-msvc': 13.4.4-canary.8
    transitivePeerDependencies:
      - '@babel/core'
      - babel-plugin-macros
    dev: false

  /picocolors@1.0.0:
    resolution: {integrity: sha512-1fygroTLlHu66zi26VoTDv8yRgm0Fccecssto+MhsZ0D/DGW2sm8E8AjW7NU5VVTRt5GxbeZ5qBuJr+HyLYkjQ==}
    dev: false

  /postcss@8.4.14:
    resolution: {integrity: sha512-E398TUmfAYFPBSdzgeieK2Y1+1cpdxJx8yXbK/m57nRhKSmk1GB2tO4lbLBtlkfPQTDKfe4Xqv1ASWPpayPEig==}
    engines: {node: ^10 || ^12 || >=14}
    dependencies:
      nanoid: 3.3.6
      picocolors: 1.0.0
      source-map-js: 1.0.2
    dev: false

  /react-dom@18.2.0(react@18.2.0):
    resolution: {integrity: sha512-6IMTriUmvsjHUjNtEDudZfuDQUoWXVxKHhlEGSk81n4YFS+r/Kl99wXiwlVXtPBtJenozv2P+hxDsw9eA7Xo6g==}
    peerDependencies:
      react: ^18.2.0
    dependencies:
      loose-envify: 1.4.0
      react: 18.2.0
      scheduler: 0.23.0
    dev: false

  /react@18.2.0:
    resolution: {integrity: sha512-/3IjMdb2L9QbBdWiW5e3P2/npwMBaU9mHCSCUzNln0ZCYbcfTsGbTJrU/kGemdH2IWmB2ioZ+zkxtmq6g09fGQ==}
    engines: {node: '>=0.10.0'}
    dependencies:
      loose-envify: 1.4.0
    dev: false

  /scheduler@0.23.0:
    resolution: {integrity: sha512-CtuThmgHNg7zIZWAXi3AsyIzA3n4xx7aNyjwC2VJldO2LMVDhFK+63xGqq6CsJH4rTAt6/M+N4GhZiDYPx9eUw==}
    dependencies:
      loose-envify: 1.4.0
    dev: false

  /source-map-js@1.0.2:
    resolution: {integrity: sha512-R0XvVJ9WusLiqTCEiGCmICCMplcCkIwwR11mOSD9CR5u+IXYdiseeEuXCVAjS54zqwkLcPNnmU4OeJ6tUrWhDw==}
    engines: {node: '>=0.10.0'}
    dev: false

  /streamsearch@1.1.0:
    resolution: {integrity: sha512-Mcc5wHehp9aXz1ax6bZUyY5afg9u2rv5cqQI3mRrYkGC8rW2hM02jWuwjtL++LS5qinSyhj2QfLyNsuc+VsExg==}
    engines: {node: '>=10.0.0'}
    dev: false

  /styled-jsx@5.1.1(react@18.2.0):
    resolution: {integrity: sha512-pW7uC1l4mBZ8ugbiZrcIsiIvVx1UmTfw7UkC3Um2tmfUq9Bhk8IiyEIPl6F8agHgjzku6j0xQEZbfA5uSgSaCw==}
    engines: {node: '>= 12.0.0'}
    peerDependencies:
      '@babel/core': '*'
      babel-plugin-macros: '*'
      react: '>= 16.8.0 || 17.x.x || ^18.0.0-0'
    peerDependenciesMeta:
      '@babel/core':
        optional: true
      babel-plugin-macros:
        optional: true
    dependencies:
      client-only: 0.0.1
      react: 18.2.0
    dev: false

  /tslib@2.5.2:
    resolution: {integrity: sha512-5svOrSA2w3iGFDs1HibEVBGbDrAY82bFQ3HZ3ixB+88nsbsWQoKqDRb5UBYAUPEzbBn6dAp5gRNXglySbx1MlA==}
    dev: false

  /turbo-darwin-64@1.9.9:
    resolution: {integrity: sha512-UDGM9E21eCDzF5t1F4rzrjwWutcup33e7ZjNJcW/mJDPorazZzqXGKEPIy9kXwKhamUUXfC7668r6ZuA1WXF2Q==}
    cpu: [x64]
    os: [darwin]
    requiresBuild: true
    dev: false
    optional: true

  /turbo-darwin-arm64@1.9.9:
    resolution: {integrity: sha512-VyfkXzTJpYLTAQ9krq2myyEq7RPObilpS04lgJ4OO1piq76RNmSpX9F/t9JCaY9Pj/4TL7i0d8PM7NGhwEA5Ag==}
    cpu: [arm64]
    os: [darwin]
    requiresBuild: true
    dev: false
    optional: true

  /turbo-linux-64@1.9.9:
    resolution: {integrity: sha512-Fu1MY29Odg8dHOqXcpIIGC3T63XLOGgnGfbobXMKdrC7JQDvtJv8TUCYciRsyknZYjyyKK1z6zKuYIiDjf3KeQ==}
    cpu: [x64]
    os: [linux]
    requiresBuild: true
    dev: false
    optional: true

  /turbo-linux-arm64@1.9.9:
    resolution: {integrity: sha512-50LI8NafPuJxdnMCBeDdzgyt1cgjQG7FwkyY336v4e95WJPUVjrHdrKH6jYXhOUyrv9+jCJxwX1Yrg02t5yJ1g==}
    cpu: [arm64]
    os: [linux]
    requiresBuild: true
    dev: false
    optional: true

  /turbo-windows-64@1.9.9:
    resolution: {integrity: sha512-9IsTReoLmQl1IRsy3WExe2j2RKWXQyXujfJ4fXF+jp08KxjVF4/tYP2CIRJx/A7UP/7keBta27bZqzAjsmbSTA==}
    cpu: [x64]
    os: [win32]
    requiresBuild: true
    dev: false
    optional: true

  /turbo-windows-arm64@1.9.9:
    resolution: {integrity: sha512-CUu4hpeQo68JjDr0V0ygTQRLbS+/sNfdqEVV+Xz9136vpKn2WMQLAuUBVZV0Sp0S/7i+zGnplskT0fED+W46wQ==}
    cpu: [arm64]
    os: [win32]
    requiresBuild: true
    dev: false
    optional: true

  /turbo@1.9.9:
    resolution: {integrity: sha512-+ZS66LOT7ahKHxh6XrIdcmf2Yk9mNpAbPEj4iF2cs0cAeaDU3xLVPZFF0HbSho89Uxwhx7b5HBgPbdcjQTwQkg==}
    hasBin: true
    requiresBuild: true
    optionalDependencies:
      turbo-darwin-64: 1.9.9
      turbo-darwin-arm64: 1.9.9
      turbo-linux-64: 1.9.9
      turbo-linux-arm64: 1.9.9
      turbo-windows-64: 1.9.9
      turbo-windows-arm64: 1.9.9
    dev: false

  /zod@3.21.4:
    resolution: {integrity: sha512-m46AKbrzKVzOzs/DZgVnG5H55N1sv1M8qZU3A8RIKbs3mrACDNeIOeilDymVb2HdmP8uwshOCF4uJ8uM9rCqJw==}
    dev: false
